
Microsoft Visual Studio Solution File, Format Version 12.00
# Visual Studio 2013
VisualStudioVersion = 12.0.31101.0
MinimumVisualStudioVersion = 10.0.40219.1
Project("{FAE04EC0-301F-11D3-BF4B-00C04F79EFBC}") = "BloodBankProject.Core", "BloodBankProject.Core\BloodBankProject.Core.csproj", "{7618F822-B31D-46DF-95F5-8E62BAC5CEEC}"
EndProject
Project("{FAE04EC0-301F-11D3-BF4B-00C04F79EFBC}") = "BloodBankProject.Web", "BloodBankProject.Web\BloodBankProject.Web.csproj", "{3B814116-2DA2-4EE6-838E-006C277076EF}"
EndProject
Project("{FAE04EC0-301F-11D3-BF4B-00C04F79EFBC}") = "BloodBankProject.GUI", "BloodBankProject.GUI\BloodBankProject.GUI.csproj", "{1A1CBB07-AFC4-4757-8325-9055ED2B8791}"
EndProject
Global
	GlobalSection(SolutionConfigurationPlatforms) = preSolution
		Debug|Any CPU = Debug|Any CPU
		Release|Any CPU = Release|Any CPU
	EndGlobalSection
	GlobalSection(ProjectConfigurationPlatforms) = postSolution
		{7618F822-B31D-46DF-95F5-8E62BAC5CEEC}.Debug|Any CPU.ActiveCfg = Debug|Any CPU
		{7618F822-B31D-46DF-95F5-8E62BAC5CEEC}.Debug|Any CPU.Build.0 = Debug|Any CPU
		{7618F822-B31D-46DF-95F5-8E62BAC5CEEC}.Release|Any CPU.ActiveCfg = Release|Any CPU
		{7618F822-B31D-46DF-95F5-8E62BAC5CEEC}.Release|Any CPU.Build.0 = Release|Any CPU
		{3B814116-2DA2-4EE6-838E-006C277076EF}.Debug|Any CPU.ActiveCfg = Debug|Any CPU
		{3B814116-2DA2-4EE6-838E-006C277076EF}.Debug|Any CPU.Build.0 = Debug|Any CPU
		{3B814116-2DA2-4EE6-838E-006C277076EF}.Release|Any CPU.ActiveCfg = Release|Any CPU
		{3B814116-2DA2-4EE6-838E-006C277076EF}.Release|Any CPU.Build.0 = Release|Any CPU
		{1A1CBB07-AFC4-4757-8325-9055ED2B8791}.Debug|Any CPU.ActiveCfg = Debug|Any CPU
		{1A1CBB07-AFC4-4757-8325-9055ED2B8791}.Debug|Any CPU.Build.0 = Debug|Any CPU
		{1A1CBB07-AFC4-4757-8325-9055ED2B8791}.Release|Any CPU.ActiveCfg = Release|Any CPU
		{1A1CBB07-AFC4-4757-8325-9055ED2B8791}.Release|Any CPU.Build.0 = Release|Any CPU
	EndGlobalSection
	GlobalSection(SolutionProperties) = preSolution
		HideSolutionNode = FALSE
	EndGlobalSection
EndGlobal
